{
  "lockfileVersion": 1,
  "configVersion": 0,
  "workspaces": {
    "": {
      "name": "@vforsh/browsey",
      "dependencies": {
        "commander": "^14.0.0",
        "get-port": "^7.1.0",
        "highlight.js": "^11.11.1",
        "lucide-static": "^0.562.0",
        "marked": "^17.0.1",
        "marked-highlight": "^2.2.3",
        "qrcode-terminal": "^0.12.0",
      },
      "devDependencies": {
        "@types/bun": "latest",
        "@types/qrcode-terminal": "^0.12.2",
        "typescript": "^5.7.0",
      },
    },
  },
  "packages": {
    "@types/bun": ["@types/bun@1.3.6", "", { "dependencies": { "bun-types": "1.3.6" } }, "sha512-uWCv6FO/8LcpREhenN1d1b6fcspAB+cefwD7uti8C8VffIv0Um08TKMn98FynpTiU38+y2dUO55T11NgDt8VAA=="],

    "@types/node": ["@types/node@22.19.7", "", { "dependencies": { "undici-types": "~6.21.0" } }, "sha512-MciR4AKGHWl7xwxkBa6xUGxQJ4VBOmPTF7sL+iGzuahOFaO0jHCsuEfS80pan1ef4gWId1oWOweIhrDEYLuaOw=="],

    "@types/qrcode-terminal": ["@types/qrcode-terminal@0.12.2", "", {}, "sha512-v+RcIEJ+Uhd6ygSQ0u5YYY7ZM+la7GgPbs0V/7l/kFs2uO4S8BcIUEMoP7za4DNIqNnUD5npf0A/7kBhrCKG5Q=="],

    "bun-types": ["bun-types@1.3.6", "", { "dependencies": { "@types/node": "*" } }, "sha512-OlFwHcnNV99r//9v5IIOgQ9Uk37gZqrNMCcqEaExdkVq3Avwqok1bJFmvGMCkCE0FqzdY8VMOZpfpR3lwI+CsQ=="],

    "commander": ["commander@14.0.2", "", {}, "sha512-TywoWNNRbhoD0BXs1P3ZEScW8W5iKrnbithIl0YH+uCmBd0QpPOA8yc82DS3BIE5Ma6FnBVUsJ7wVUDz4dvOWQ=="],

    "get-port": ["get-port@7.1.0", "", {}, "sha512-QB9NKEeDg3xxVwCCwJQ9+xycaz6pBB6iQ76wiWMl1927n0Kir6alPiP+yuiICLLU4jpMe08dXfpebuQppFA2zw=="],

    "highlight.js": ["highlight.js@11.11.1", "", {}, "sha512-Xwwo44whKBVCYoliBQwaPvtd/2tYFkRQtXDWj1nackaV2JPXx3L0+Jvd8/qCJ2p+ML0/XVkJ2q+Mr+UVdpJK5w=="],

    "lucide-static": ["lucide-static@0.562.0", "", {}, "sha512-TM2vNVOEsO3+ijmno7n/VmxUo0Shr9OXC/UqZc5n4xEVyXX4E4NVvXoRPAZiSsIsdvlQ7alGOcIC/QGtR+OgUQ=="],

    "marked": ["marked@17.0.1", "", { "bin": { "marked": "bin/marked.js" } }, "sha512-boeBdiS0ghpWcSwoNm/jJBwdpFaMnZWRzjA6SkUMYb40SVaN1x7mmfGKp0jvexGcx+7y2La5zRZsYFZI6Qpypg=="],

    "marked-highlight": ["marked-highlight@2.2.3", "", { "peerDependencies": { "marked": ">=4 <18" } }, "sha512-FCfZRxW/msZAiasCML4isYpxyQWKEEx44vOgdn5Kloae+Qc3q4XR7WjpKKf8oMLk7JP9ZCRd2vhtclJFdwxlWQ=="],

    "qrcode-terminal": ["qrcode-terminal@0.12.0", "", { "bin": "bin/qrcode-terminal.js" }, "sha512-EXtzRZmC+YGmGlDFbXKxQiMZNwCLEO6BANKXG4iCtSIM0yqc/pappSx3RIKr4r0uh5JsBckOXeKrB3Iz7mdQpQ=="],

    "typescript": ["typescript@5.9.3", "", { "bin": { "tsc": "bin/tsc", "tsserver": "bin/tsserver" } }, "sha512-jl1vZzPDinLr9eUt3J/t7V6FgNEw9QjvBPdysz9KfQDD41fQrC2Y4vKQdiaUpFT4bXlb1RHhLpp8wtm6M5TgSw=="],

    "undici-types": ["undici-types@6.21.0", "", {}, "sha512-iwDZqg0QAGrg9Rav5H4n0M64c3mkR59cJ6wQp+7C4nI0gsmExaedaYLNO44eT4AtBBwjbTiGPMlt2Md0T9H9JQ=="],
  }
}
